
Microsoft Visual Studio Solution File, Format Version 12.00
Project("{FAE04EC0-301F-11D3-BF4B-00C04F79EFBC}") = "CompanyEmployees", "CompanyEmployees\CompanyEmployees.csproj", "{1ABF490D-FB59-4401-AA76-4A238DD0A908}"
EndProject
Project("{FAE04EC0-301F-11D3-BF4B-00C04F79EFBC}") = "Contracts", "Contracts\Contracts.csproj", "{FC1F4B63-7938-4ED2-9744-17E97BDA5A5C}"
EndProject
Project("{FAE04EC0-301F-11D3-BF4B-00C04F79EFBC}") = "LoggerService", "LoggerService\LoggerService.csproj", "{3F72ECE0-0D14-4C4C-94E4-960C57846FB6}"
EndProject
Project("{FAE04EC0-301F-11D3-BF4B-00C04F79EFBC}") = "Entities", "Entities\Entities.csproj", "{22426296-B7A0-4B28-9CE7-77C8E8C0BABC}"
EndProject
Project("{FAE04EC0-301F-11D3-BF4B-00C04F79EFBC}") = "Repository", "Repository\Repository.csproj", "{055E7DAC-F843-409C-ABC4-7C828467F26C}"
EndProject
Global
	GlobalSection(SolutionConfigurationPlatforms) = preSolution
		Debug|Any CPU = Debug|Any CPU
		Release|Any CPU = Release|Any CPU
	EndGlobalSection
	GlobalSection(ProjectConfigurationPlatforms) = postSolution
		{1ABF490D-FB59-4401-AA76-4A238DD0A908}.Debug|Any CPU.ActiveCfg = Debug|Any CPU
		{1ABF490D-FB59-4401-AA76-4A238DD0A908}.Debug|Any CPU.Build.0 = Debug|Any CPU
		{1ABF490D-FB59-4401-AA76-4A238DD0A908}.Release|Any CPU.ActiveCfg = Release|Any CPU
		{1ABF490D-FB59-4401-AA76-4A238DD0A908}.Release|Any CPU.Build.0 = Release|Any CPU
		{FC1F4B63-7938-4ED2-9744-17E97BDA5A5C}.Debug|Any CPU.ActiveCfg = Debug|Any CPU
		{FC1F4B63-7938-4ED2-9744-17E97BDA5A5C}.Debug|Any CPU.Build.0 = Debug|Any CPU
		{FC1F4B63-7938-4ED2-9744-17E97BDA5A5C}.Release|Any CPU.ActiveCfg = Release|Any CPU
		{FC1F4B63-7938-4ED2-9744-17E97BDA5A5C}.Release|Any CPU.Build.0 = Release|Any CPU
		{3F72ECE0-0D14-4C4C-94E4-960C57846FB6}.Debug|Any CPU.ActiveCfg = Debug|Any CPU
		{3F72ECE0-0D14-4C4C-94E4-960C57846FB6}.Debug|Any CPU.Build.0 = Debug|Any CPU
		{3F72ECE0-0D14-4C4C-94E4-960C57846FB6}.Release|Any CPU.ActiveCfg = Release|Any CPU
		{3F72ECE0-0D14-4C4C-94E4-960C57846FB6}.Release|Any CPU.Build.0 = Release|Any CPU
		{22426296-B7A0-4B28-9CE7-77C8E8C0BABC}.Debug|Any CPU.ActiveCfg = Debug|Any CPU
		{22426296-B7A0-4B28-9CE7-77C8E8C0BABC}.Debug|Any CPU.Build.0 = Debug|Any CPU
		{22426296-B7A0-4B28-9CE7-77C8E8C0BABC}.Release|Any CPU.ActiveCfg = Release|Any CPU
		{22426296-B7A0-4B28-9CE7-77C8E8C0BABC}.Release|Any CPU.Build.0 = Release|Any CPU
		{055E7DAC-F843-409C-ABC4-7C828467F26C}.Debug|Any CPU.ActiveCfg = Debug|Any CPU
		{055E7DAC-F843-409C-ABC4-7C828467F26C}.Debug|Any CPU.Build.0 = Debug|Any CPU
		{055E7DAC-F843-409C-ABC4-7C828467F26C}.Release|Any CPU.ActiveCfg = Release|Any CPU
		{055E7DAC-F843-409C-ABC4-7C828467F26C}.Release|Any CPU.Build.0 = Release|Any CPU
	EndGlobalSection
EndGlobal
